
Microsoft Visual Studio Solution File, Format Version 12.00
# Visual Studio Version 17
VisualStudioVersion = 17.0.31903.59
MinimumVisualStudioVersion = 10.0.40219.1
Project("{FAE04EC0-301F-11D3-BF4B-00C04F79EFBC}") = "Api", "Api\Api.csproj", "{2DD9C0D3-4F92-4BC8-8A85-4F1DB1EBF3E5}"
EndProject
Project("{FAE04EC0-301F-11D3-BF4B-00C04F79EFBC}") = "Core", "Core\Core.csproj", "{667CEA99-D60C-437B-9B0D-E14E0BD1079A}"
EndProject
Project("{FAE04EC0-301F-11D3-BF4B-00C04F79EFBC}") = "SymLinkStorage", "SymLinkStorage\SymLinkStorage.csproj", "{87DB4B2D-5739-4242-B924-1A6ADA7E694F}"
EndProject
Project("{2150E333-8FDC-42A3-9474-1A3956D46DE8}") = "Solution Items", "Solution Items", "{36D591C7-65C7-A0D1-1CBC-10CDE441BDC8}"
	ProjectSection(SolutionItems) = preProject
		.editorconfig = .editorconfig
	EndProjectSection
EndProject
Project("{FAE04EC0-301F-11D3-BF4B-00C04F79EFBC}") = "PerNodeFileStorage", "PerNodeFileStorage\PerNodeFileStorage.csproj", "{73B864CC-D099-4F59-B5B5-649C9D1DC3A3}"
EndProject
Project("{FAE04EC0-301F-11D3-BF4B-00C04F79EFBC}") = "BucketedFileStorage", "BucketedFileStorage\BucketedFileStorage.csproj", "{37BC4A6B-3126-496E-94DB-0216B8B1FD36}"
EndProject
Project("{FAE04EC0-301F-11D3-BF4B-00C04F79EFBC}") = "Mcp", "Mcp\Mcp.csproj", "{6D144519-8C00-4A40-B978-D1402BDC3849}"
EndProject
Project("{2150E333-8FDC-42A3-9474-1A3956D46DE8}") = "McpTracker", "McpTracker", "{16906722-6BC9-EACB-E1D4-1E8D45F87E25}"
EndProject
Project("{FAE04EC0-301F-11D3-BF4B-00C04F79EFBC}") = "Protocol", "McpTracker\Protocol\Protocol.csproj", "{D8900140-BE35-4A70-9CDC-D65CD0720F87}"
EndProject
Project("{FAE04EC0-301F-11D3-BF4B-00C04F79EFBC}") = "Client", "McpTracker\Client\Client.csproj", "{AFF43ECE-CCCC-4B55-B112-6F2A7D7F740B}"
EndProject
Project("{FAE04EC0-301F-11D3-BF4B-00C04F79EFBC}") = "FunctionalTests", "FunctionalTests\FunctionalTests.csproj", "{B28F1B27-F954-4497-AA00-6308658D6FF9}"
EndProject
Project("{FAE04EC0-301F-11D3-BF4B-00C04F79EFBC}") = "PerformanceTests", "PerformanceTests\PerformanceTests.csproj", "{4C42A104-2F41-4A26-A4B0-588D26E49CE6}"
EndProject
Global
	GlobalSection(SolutionConfigurationPlatforms) = preSolution
		Debug|Any CPU = Debug|Any CPU
		Release|Any CPU = Release|Any CPU
	EndGlobalSection
	GlobalSection(ProjectConfigurationPlatforms) = postSolution
		{2DD9C0D3-4F92-4BC8-8A85-4F1DB1EBF3E5}.Debug|Any CPU.ActiveCfg = Debug|Any CPU
		{2DD9C0D3-4F92-4BC8-8A85-4F1DB1EBF3E5}.Debug|Any CPU.Build.0 = Debug|Any CPU
		{2DD9C0D3-4F92-4BC8-8A85-4F1DB1EBF3E5}.Release|Any CPU.ActiveCfg = Release|Any CPU
		{2DD9C0D3-4F92-4BC8-8A85-4F1DB1EBF3E5}.Release|Any CPU.Build.0 = Release|Any CPU
		{667CEA99-D60C-437B-9B0D-E14E0BD1079A}.Debug|Any CPU.ActiveCfg = Debug|Any CPU
		{667CEA99-D60C-437B-9B0D-E14E0BD1079A}.Debug|Any CPU.Build.0 = Debug|Any CPU
		{667CEA99-D60C-437B-9B0D-E14E0BD1079A}.Release|Any CPU.ActiveCfg = Release|Any CPU
		{667CEA99-D60C-437B-9B0D-E14E0BD1079A}.Release|Any CPU.Build.0 = Release|Any CPU
		{87DB4B2D-5739-4242-B924-1A6ADA7E694F}.Debug|Any CPU.ActiveCfg = Debug|Any CPU
		{87DB4B2D-5739-4242-B924-1A6ADA7E694F}.Debug|Any CPU.Build.0 = Debug|Any CPU
		{87DB4B2D-5739-4242-B924-1A6ADA7E694F}.Release|Any CPU.ActiveCfg = Release|Any CPU
		{87DB4B2D-5739-4242-B924-1A6ADA7E694F}.Release|Any CPU.Build.0 = Release|Any CPU
		{73B864CC-D099-4F59-B5B5-649C9D1DC3A3}.Debug|Any CPU.ActiveCfg = Debug|Any CPU
		{73B864CC-D099-4F59-B5B5-649C9D1DC3A3}.Debug|Any CPU.Build.0 = Debug|Any CPU
		{73B864CC-D099-4F59-B5B5-649C9D1DC3A3}.Release|Any CPU.ActiveCfg = Release|Any CPU
		{73B864CC-D099-4F59-B5B5-649C9D1DC3A3}.Release|Any CPU.Build.0 = Release|Any CPU
		{37BC4A6B-3126-496E-94DB-0216B8B1FD36}.Debug|Any CPU.ActiveCfg = Debug|Any CPU
		{37BC4A6B-3126-496E-94DB-0216B8B1FD36}.Debug|Any CPU.Build.0 = Debug|Any CPU
		{37BC4A6B-3126-496E-94DB-0216B8B1FD36}.Release|Any CPU.ActiveCfg = Release|Any CPU
		{37BC4A6B-3126-496E-94DB-0216B8B1FD36}.Release|Any CPU.Build.0 = Release|Any CPU
		{6D144519-8C00-4A40-B978-D1402BDC3849}.Debug|Any CPU.ActiveCfg = Debug|Any CPU
		{6D144519-8C00-4A40-B978-D1402BDC3849}.Debug|Any CPU.Build.0 = Debug|Any CPU
		{6D144519-8C00-4A40-B978-D1402BDC3849}.Release|Any CPU.ActiveCfg = Release|Any CPU
		{6D144519-8C00-4A40-B978-D1402BDC3849}.Release|Any CPU.Build.0 = Release|Any CPU
		{D8900140-BE35-4A70-9CDC-D65CD0720F87}.Debug|Any CPU.ActiveCfg = Debug|Any CPU
		{D8900140-BE35-4A70-9CDC-D65CD0720F87}.Debug|Any CPU.Build.0 = Debug|Any CPU
		{D8900140-BE35-4A70-9CDC-D65CD0720F87}.Release|Any CPU.ActiveCfg = Release|Any CPU
		{D8900140-BE35-4A70-9CDC-D65CD0720F87}.Release|Any CPU.Build.0 = Release|Any CPU
		{AFF43ECE-CCCC-4B55-B112-6F2A7D7F740B}.Debug|Any CPU.ActiveCfg = Debug|Any CPU
		{AFF43ECE-CCCC-4B55-B112-6F2A7D7F740B}.Debug|Any CPU.Build.0 = Debug|Any CPU
		{AFF43ECE-CCCC-4B55-B112-6F2A7D7F740B}.Release|Any CPU.ActiveCfg = Release|Any CPU
		{AFF43ECE-CCCC-4B55-B112-6F2A7D7F740B}.Release|Any CPU.Build.0 = Release|Any CPU
		{B28F1B27-F954-4497-AA00-6308658D6FF9}.Debug|Any CPU.ActiveCfg = Debug|Any CPU
		{B28F1B27-F954-4497-AA00-6308658D6FF9}.Debug|Any CPU.Build.0 = Debug|Any CPU
		{B28F1B27-F954-4497-AA00-6308658D6FF9}.Release|Any CPU.ActiveCfg = Release|Any CPU
		{B28F1B27-F954-4497-AA00-6308658D6FF9}.Release|Any CPU.Build.0 = Release|Any CPU
		{4C42A104-2F41-4A26-A4B0-588D26E49CE6}.Debug|Any CPU.ActiveCfg = Debug|Any CPU
		{4C42A104-2F41-4A26-A4B0-588D26E49CE6}.Debug|Any CPU.Build.0 = Debug|Any CPU
		{4C42A104-2F41-4A26-A4B0-588D26E49CE6}.Release|Any CPU.ActiveCfg = Release|Any CPU
		{4C42A104-2F41-4A26-A4B0-588D26E49CE6}.Release|Any CPU.Build.0 = Release|Any CPU
	EndGlobalSection
	GlobalSection(SolutionProperties) = preSolution
		HideSolutionNode = FALSE
	EndGlobalSection
	GlobalSection(NestedProjects) = preSolution
		{D8900140-BE35-4A70-9CDC-D65CD0720F87} = {16906722-6BC9-EACB-E1D4-1E8D45F87E25}
		{AFF43ECE-CCCC-4B55-B112-6F2A7D7F740B} = {16906722-6BC9-EACB-E1D4-1E8D45F87E25}
	EndGlobalSection
	GlobalSection(ExtensibilityGlobals) = postSolution
		SolutionGuid = {F335C091-E3F9-4A2E-A99F-0E238CFA22BF}
	EndGlobalSection
EndGlobal
