<Solution>
  <Configurations>
    <Platform Name="Any CPU" />
    <Platform Name="x64" />
    <Platform Name="x86" />
  </Configurations>
  <Folder Name="/McpTracker/">
    <Project Path="McpTracker/Client/Client.csproj" />
    <Project Path="McpTracker/Protocol/Protocol.csproj" />
  </Folder>
  <Folder Name="/Solution Items/">
    <File Path=".editorconfig" />
  </Folder>
  <Folder Name="/Tests/">
    <Project Path="Tests/ApiTests/ApiTests.csproj" />
    <Project Path="Tests/CompilerTests/CompilerTests.csproj" />
    <Project Path="Tests/DomainTests/DomainTests.csproj" />
    <Project Path="Tests/McpTests/McpTests.csproj" />
    <Project Path="Tests/PerformanceTests/PerformanceTests.csproj" />
  </Folder>
  <Folder Name="/Tests/RelevantTests/">
    <Project Path="Tests/RelevantTests/src/relevant-tests/relevant-tests.csproj" />
    <Project Path="Tests/RelevantTests/src/RelevantTests.Abstractions/RelevantTests.Abstractions.csproj" />
    <Project Path="Tests/RelevantTests/src/RelevantTests.ChangeAnalyzer/RelevantTests.ChangeAnalyzer.csproj" />
    <Project Path="Tests/RelevantTests/src/RelevantTests.MSTest/RelevantTests.MSTest.csproj" />
    <Project Path="Tests/RelevantTests/src/RelevantTests.MSTestAdapter/RelevantTests.MSTestAdapter.csproj" />
    <Project Path="Tests/RelevantTests/src/RelevantTests.UsageAnalyzer/RelevantTests.UsageAnalyzer.csproj" />
  </Folder>
  <Project Path="Abstractions/Abstractions.csproj" />
  <Project Path="Api/0_Api.csproj" />
  <Project Path="Compiler/GraphCompiler.csproj" />
  <Project Path="Domain/1_ Domain.csproj" />
  <Project Path="Editor/Editor.esproj">
    <BuildDependency Project="Api/0_Api.csproj" />
    <Platform Project="AnyCPU" />
    <Build />
    <Deploy />
  </Project>
  <Project Path="Mcp/0_Mcp.csproj" />
  <Project Path="SymLinkStorage/1_SymLinkStorage.csproj" />
</Solution>
