
Microsoft Visual Studio Solution File, Format Version 12.00
# Visual Studio Version 18
VisualStudioVersion = 18.7.11911.148
MinimumVisualStudioVersion = 10.0.40219.1
Project("{FAE04EC0-301F-11D3-BF4B-00C04F79EFBC}") = "Api", "Api\Api.csproj", "{2DD9C0D3-4F92-4BC8-8A85-4F1DB1EBF3E5}"
EndProject
Project("{FAE04EC0-301F-11D3-BF4B-00C04F79EFBC}") = "SymLinkStorage", "SymLinkStorage\SymLinkStorage.csproj", "{87DB4B2D-5739-4242-B924-1A6ADA7E694F}"
EndProject
Project("{2150E333-8FDC-42A3-9474-1A3956D46DE8}") = "Solution Items", "Solution Items", "{36D591C7-65C7-A0D1-1CBC-10CDE441BDC8}"
	ProjectSection(SolutionItems) = preProject
		.editorconfig = .editorconfig
	EndProjectSection
EndProject
Project("{FAE04EC0-301F-11D3-BF4B-00C04F79EFBC}") = "Mcp", "Mcp\Mcp.csproj", "{6D144519-8C00-4A40-B978-D1402BDC3849}"
EndProject
Project("{2150E333-8FDC-42A3-9474-1A3956D46DE8}") = "McpTracker", "McpTracker", "{16906722-6BC9-EACB-E1D4-1E8D45F87E25}"
EndProject
Project("{FAE04EC0-301F-11D3-BF4B-00C04F79EFBC}") = "Protocol", "McpTracker\Protocol\Protocol.csproj", "{D8900140-BE35-4A70-9CDC-D65CD0720F87}"
EndProject
Project("{FAE04EC0-301F-11D3-BF4B-00C04F79EFBC}") = "Client", "McpTracker\Client\Client.csproj", "{AFF43ECE-CCCC-4B55-B112-6F2A7D7F740B}"
EndProject
Project("{FAE04EC0-301F-11D3-BF4B-00C04F79EFBC}") = "PerformanceTests", "PerformanceTests\PerformanceTests.csproj", "{4C42A104-2F41-4A26-A4B0-588D26E49CE6}"
EndProject
Project("{FAE04EC0-301F-11D3-BF4B-00C04F79EFBC}") = "Abstractions", "Abstractions\Abstractions.csproj", "{BFC9418A-93B6-4926-ACB7-6FF54C8A9BA1}"
EndProject
Project("{FAE04EC0-301F-11D3-BF4B-00C04F79EFBC}") = "Domain", "Domain\Domain.csproj", "{C3E3874D-49E8-45DE-9A79-4E19C22823E6}"
EndProject
Project("{FAE04EC0-301F-11D3-BF4B-00C04F79EFBC}") = "ApiTests", "ApiTests\ApiTests.csproj", "{80DBF990-E5DC-4588-A741-BA0EF5073F98}"
EndProject
Project("{FAE04EC0-301F-11D3-BF4B-00C04F79EFBC}") = "DomainTests", "DomainTests\DomainTests.csproj", "{C83624D9-70D1-41D2-A1F6-BA7D5735E362}"
EndProject
Project("{2150E333-8FDC-42A3-9474-1A3956D46DE8}") = "TestImpactOnCoverage", "TestImpactOnCoverage", "{CD63355A-85A9-7F6C-2910-F5FAB8F8967D}"
EndProject
Project("{FAE04EC0-301F-11D3-BF4B-00C04F79EFBC}") = "RelevantTests.Abstractions", "TestImpactOnCoverage\src\RelevantTests.Abstractions\RelevantTests.Abstractions.csproj", "{B29BC2F8-7796-47F2-9A5E-CBFB74960D23}"
EndProject
Project("{FAE04EC0-301F-11D3-BF4B-00C04F79EFBC}") = "RelevantTests.ChangeAnalyzer", "TestImpactOnCoverage\src\RelevantTests.ChangeAnalyzer\RelevantTests.ChangeAnalyzer.csproj", "{329155F2-36A0-451B-B8ED-4914DAE8D751}"
EndProject
Project("{FAE04EC0-301F-11D3-BF4B-00C04F79EFBC}") = "RelevantTests.UsageAnalyzer", "TestImpactOnCoverage\src\RelevantTests.UsageAnalyzer\RelevantTests.UsageAnalyzer.csproj", "{CD4F90F0-300C-40A2-9CB7-56A5B54C1E89}"
EndProject
Project("{FAE04EC0-301F-11D3-BF4B-00C04F79EFBC}") = "RelevantTests.MSTestAdapter", "TestImpactOnCoverage\src\RelevantTests.MSTestAdapter\RelevantTests.MSTestAdapter.csproj", "{B8F7C44D-6F34-4C26-AA23-DB93429D3D59}"
EndProject
Project("{FAE04EC0-301F-11D3-BF4B-00C04F79EFBC}") = "relevant-tests", "TestImpactOnCoverage\src\relevant-tests\relevant-tests.csproj", "{0C4948E4-177E-4212-8872-9DB3649926B9}"
EndProject
Project("{FAE04EC0-301F-11D3-BF4B-00C04F79EFBC}") = "RelevantTests.MSTest", "TestImpactOnCoverage\src\RelevantTests.MSTest\RelevantTests.MSTest.csproj", "{73E0352D-47DB-4148-863B-ADD9A7184681}"
EndProject
Global
	GlobalSection(SolutionConfigurationPlatforms) = preSolution
		Debug|Any CPU = Debug|Any CPU
		Debug|x64 = Debug|x64
		Debug|x86 = Debug|x86
		Release|Any CPU = Release|Any CPU
		Release|x64 = Release|x64
		Release|x86 = Release|x86
	EndGlobalSection
	GlobalSection(ProjectConfigurationPlatforms) = postSolution
		{2DD9C0D3-4F92-4BC8-8A85-4F1DB1EBF3E5}.Debug|Any CPU.ActiveCfg = Debug|Any CPU
		{2DD9C0D3-4F92-4BC8-8A85-4F1DB1EBF3E5}.Debug|Any CPU.Build.0 = Debug|Any CPU
		{2DD9C0D3-4F92-4BC8-8A85-4F1DB1EBF3E5}.Debug|x64.ActiveCfg = Debug|Any CPU
		{2DD9C0D3-4F92-4BC8-8A85-4F1DB1EBF3E5}.Debug|x64.Build.0 = Debug|Any CPU
		{2DD9C0D3-4F92-4BC8-8A85-4F1DB1EBF3E5}.Debug|x86.ActiveCfg = Debug|Any CPU
		{2DD9C0D3-4F92-4BC8-8A85-4F1DB1EBF3E5}.Debug|x86.Build.0 = Debug|Any CPU
		{2DD9C0D3-4F92-4BC8-8A85-4F1DB1EBF3E5}.Release|Any CPU.ActiveCfg = Release|Any CPU
		{2DD9C0D3-4F92-4BC8-8A85-4F1DB1EBF3E5}.Release|Any CPU.Build.0 = Release|Any CPU
		{2DD9C0D3-4F92-4BC8-8A85-4F1DB1EBF3E5}.Release|x64.ActiveCfg = Release|Any CPU
		{2DD9C0D3-4F92-4BC8-8A85-4F1DB1EBF3E5}.Release|x64.Build.0 = Release|Any CPU
		{2DD9C0D3-4F92-4BC8-8A85-4F1DB1EBF3E5}.Release|x86.ActiveCfg = Release|Any CPU
		{2DD9C0D3-4F92-4BC8-8A85-4F1DB1EBF3E5}.Release|x86.Build.0 = Release|Any CPU
		{87DB4B2D-5739-4242-B924-1A6ADA7E694F}.Debug|Any CPU.ActiveCfg = Debug|Any CPU
		{87DB4B2D-5739-4242-B924-1A6ADA7E694F}.Debug|Any CPU.Build.0 = Debug|Any CPU
		{87DB4B2D-5739-4242-B924-1A6ADA7E694F}.Debug|x64.ActiveCfg = Debug|Any CPU
		{87DB4B2D-5739-4242-B924-1A6ADA7E694F}.Debug|x64.Build.0 = Debug|Any CPU
		{87DB4B2D-5739-4242-B924-1A6ADA7E694F}.Debug|x86.ActiveCfg = Debug|Any CPU
		{87DB4B2D-5739-4242-B924-1A6ADA7E694F}.Debug|x86.Build.0 = Debug|Any CPU
		{87DB4B2D-5739-4242-B924-1A6ADA7E694F}.Release|Any CPU.ActiveCfg = Release|Any CPU
		{87DB4B2D-5739-4242-B924-1A6ADA7E694F}.Release|Any CPU.Build.0 = Release|Any CPU
		{87DB4B2D-5739-4242-B924-1A6ADA7E694F}.Release|x64.ActiveCfg = Release|Any CPU
		{87DB4B2D-5739-4242-B924-1A6ADA7E694F}.Release|x64.Build.0 = Release|Any CPU
		{87DB4B2D-5739-4242-B924-1A6ADA7E694F}.Release|x86.ActiveCfg = Release|Any CPU
		{87DB4B2D-5739-4242-B924-1A6ADA7E694F}.Release|x86.Build.0 = Release|Any CPU
		{6D144519-8C00-4A40-B978-D1402BDC3849}.Debug|Any CPU.ActiveCfg = Debug|Any CPU
		{6D144519-8C00-4A40-B978-D1402BDC3849}.Debug|Any CPU.Build.0 = Debug|Any CPU
		{6D144519-8C00-4A40-B978-D1402BDC3849}.Debug|x64.ActiveCfg = Debug|Any CPU
		{6D144519-8C00-4A40-B978-D1402BDC3849}.Debug|x64.Build.0 = Debug|Any CPU
		{6D144519-8C00-4A40-B978-D1402BDC3849}.Debug|x86.ActiveCfg = Debug|Any CPU
		{6D144519-8C00-4A40-B978-D1402BDC3849}.Debug|x86.Build.0 = Debug|Any CPU
		{6D144519-8C00-4A40-B978-D1402BDC3849}.Release|Any CPU.ActiveCfg = Release|Any CPU
		{6D144519-8C00-4A40-B978-D1402BDC3849}.Release|Any CPU.Build.0 = Release|Any CPU
		{6D144519-8C00-4A40-B978-D1402BDC3849}.Release|x64.ActiveCfg = Release|Any CPU
		{6D144519-8C00-4A40-B978-D1402BDC3849}.Release|x64.Build.0 = Release|Any CPU
		{6D144519-8C00-4A40-B978-D1402BDC3849}.Release|x86.ActiveCfg = Release|Any CPU
		{6D144519-8C00-4A40-B978-D1402BDC3849}.Release|x86.Build.0 = Release|Any CPU
		{D8900140-BE35-4A70-9CDC-D65CD0720F87}.Debug|Any CPU.ActiveCfg = Debug|Any CPU
		{D8900140-BE35-4A70-9CDC-D65CD0720F87}.Debug|Any CPU.Build.0 = Debug|Any CPU
		{D8900140-BE35-4A70-9CDC-D65CD0720F87}.Debug|x64.ActiveCfg = Debug|Any CPU
		{D8900140-BE35-4A70-9CDC-D65CD0720F87}.Debug|x64.Build.0 = Debug|Any CPU
		{D8900140-BE35-4A70-9CDC-D65CD0720F87}.Debug|x86.ActiveCfg = Debug|Any CPU
		{D8900140-BE35-4A70-9CDC-D65CD0720F87}.Debug|x86.Build.0 = Debug|Any CPU
		{D8900140-BE35-4A70-9CDC-D65CD0720F87}.Release|Any CPU.ActiveCfg = Release|Any CPU
		{D8900140-BE35-4A70-9CDC-D65CD0720F87}.Release|Any CPU.Build.0 = Release|Any CPU
		{D8900140-BE35-4A70-9CDC-D65CD0720F87}.Release|x64.ActiveCfg = Release|Any CPU
		{D8900140-BE35-4A70-9CDC-D65CD0720F87}.Release|x64.Build.0 = Release|Any CPU
		{D8900140-BE35-4A70-9CDC-D65CD0720F87}.Release|x86.ActiveCfg = Release|Any CPU
		{D8900140-BE35-4A70-9CDC-D65CD0720F87}.Release|x86.Build.0 = Release|Any CPU
		{AFF43ECE-CCCC-4B55-B112-6F2A7D7F740B}.Debug|Any CPU.ActiveCfg = Debug|Any CPU
		{AFF43ECE-CCCC-4B55-B112-6F2A7D7F740B}.Debug|Any CPU.Build.0 = Debug|Any CPU
		{AFF43ECE-CCCC-4B55-B112-6F2A7D7F740B}.Debug|x64.ActiveCfg = Debug|Any CPU
		{AFF43ECE-CCCC-4B55-B112-6F2A7D7F740B}.Debug|x64.Build.0 = Debug|Any CPU
		{AFF43ECE-CCCC-4B55-B112-6F2A7D7F740B}.Debug|x86.ActiveCfg = Debug|Any CPU
		{AFF43ECE-CCCC-4B55-B112-6F2A7D7F740B}.Debug|x86.Build.0 = Debug|Any CPU
		{AFF43ECE-CCCC-4B55-B112-6F2A7D7F740B}.Release|Any CPU.ActiveCfg = Release|Any CPU
		{AFF43ECE-CCCC-4B55-B112-6F2A7D7F740B}.Release|Any CPU.Build.0 = Release|Any CPU
		{AFF43ECE-CCCC-4B55-B112-6F2A7D7F740B}.Release|x64.ActiveCfg = Release|Any CPU
		{AFF43ECE-CCCC-4B55-B112-6F2A7D7F740B}.Release|x64.Build.0 = Release|Any CPU
		{AFF43ECE-CCCC-4B55-B112-6F2A7D7F740B}.Release|x86.ActiveCfg = Release|Any CPU
		{AFF43ECE-CCCC-4B55-B112-6F2A7D7F740B}.Release|x86.Build.0 = Release|Any CPU
		{4C42A104-2F41-4A26-A4B0-588D26E49CE6}.Debug|Any CPU.ActiveCfg = Debug|Any CPU
		{4C42A104-2F41-4A26-A4B0-588D26E49CE6}.Debug|Any CPU.Build.0 = Debug|Any CPU
		{4C42A104-2F41-4A26-A4B0-588D26E49CE6}.Debug|x64.ActiveCfg = Debug|Any CPU
		{4C42A104-2F41-4A26-A4B0-588D26E49CE6}.Debug|x64.Build.0 = Debug|Any CPU
		{4C42A104-2F41-4A26-A4B0-588D26E49CE6}.Debug|x86.ActiveCfg = Debug|Any CPU
		{4C42A104-2F41-4A26-A4B0-588D26E49CE6}.Debug|x86.Build.0 = Debug|Any CPU
		{4C42A104-2F41-4A26-A4B0-588D26E49CE6}.Release|Any CPU.ActiveCfg = Release|Any CPU
		{4C42A104-2F41-4A26-A4B0-588D26E49CE6}.Release|Any CPU.Build.0 = Release|Any CPU
		{4C42A104-2F41-4A26-A4B0-588D26E49CE6}.Release|x64.ActiveCfg = Release|Any CPU
		{4C42A104-2F41-4A26-A4B0-588D26E49CE6}.Release|x64.Build.0 = Release|Any CPU
		{4C42A104-2F41-4A26-A4B0-588D26E49CE6}.Release|x86.ActiveCfg = Release|Any CPU
		{4C42A104-2F41-4A26-A4B0-588D26E49CE6}.Release|x86.Build.0 = Release|Any CPU
		{BFC9418A-93B6-4926-ACB7-6FF54C8A9BA1}.Debug|Any CPU.ActiveCfg = Debug|Any CPU
		{BFC9418A-93B6-4926-ACB7-6FF54C8A9BA1}.Debug|Any CPU.Build.0 = Debug|Any CPU
		{BFC9418A-93B6-4926-ACB7-6FF54C8A9BA1}.Debug|x64.ActiveCfg = Debug|Any CPU
		{BFC9418A-93B6-4926-ACB7-6FF54C8A9BA1}.Debug|x64.Build.0 = Debug|Any CPU
		{BFC9418A-93B6-4926-ACB7-6FF54C8A9BA1}.Debug|x86.ActiveCfg = Debug|Any CPU
		{BFC9418A-93B6-4926-ACB7-6FF54C8A9BA1}.Debug|x86.Build.0 = Debug|Any CPU
		{BFC9418A-93B6-4926-ACB7-6FF54C8A9BA1}.Release|Any CPU.ActiveCfg = Release|Any CPU
		{BFC9418A-93B6-4926-ACB7-6FF54C8A9BA1}.Release|Any CPU.Build.0 = Release|Any CPU
		{BFC9418A-93B6-4926-ACB7-6FF54C8A9BA1}.Release|x64.ActiveCfg = Release|Any CPU
		{BFC9418A-93B6-4926-ACB7-6FF54C8A9BA1}.Release|x64.Build.0 = Release|Any CPU
		{BFC9418A-93B6-4926-ACB7-6FF54C8A9BA1}.Release|x86.ActiveCfg = Release|Any CPU
		{BFC9418A-93B6-4926-ACB7-6FF54C8A9BA1}.Release|x86.Build.0 = Release|Any CPU
		{C3E3874D-49E8-45DE-9A79-4E19C22823E6}.Debug|Any CPU.ActiveCfg = Debug|Any CPU
		{C3E3874D-49E8-45DE-9A79-4E19C22823E6}.Debug|Any CPU.Build.0 = Debug|Any CPU
		{C3E3874D-49E8-45DE-9A79-4E19C22823E6}.Debug|x64.ActiveCfg = Debug|Any CPU
		{C3E3874D-49E8-45DE-9A79-4E19C22823E6}.Debug|x64.Build.0 = Debug|Any CPU
		{C3E3874D-49E8-45DE-9A79-4E19C22823E6}.Debug|x86.ActiveCfg = Debug|Any CPU
		{C3E3874D-49E8-45DE-9A79-4E19C22823E6}.Debug|x86.Build.0 = Debug|Any CPU
		{C3E3874D-49E8-45DE-9A79-4E19C22823E6}.Release|Any CPU.ActiveCfg = Release|Any CPU
		{C3E3874D-49E8-45DE-9A79-4E19C22823E6}.Release|Any CPU.Build.0 = Release|Any CPU
		{C3E3874D-49E8-45DE-9A79-4E19C22823E6}.Release|x64.ActiveCfg = Release|Any CPU
		{C3E3874D-49E8-45DE-9A79-4E19C22823E6}.Release|x64.Build.0 = Release|Any CPU
		{C3E3874D-49E8-45DE-9A79-4E19C22823E6}.Release|x86.ActiveCfg = Release|Any CPU
		{C3E3874D-49E8-45DE-9A79-4E19C22823E6}.Release|x86.Build.0 = Release|Any CPU
		{80DBF990-E5DC-4588-A741-BA0EF5073F98}.Debug|Any CPU.ActiveCfg = Debug|Any CPU
		{80DBF990-E5DC-4588-A741-BA0EF5073F98}.Debug|Any CPU.Build.0 = Debug|Any CPU
		{80DBF990-E5DC-4588-A741-BA0EF5073F98}.Debug|x64.ActiveCfg = Debug|Any CPU
		{80DBF990-E5DC-4588-A741-BA0EF5073F98}.Debug|x64.Build.0 = Debug|Any CPU
		{80DBF990-E5DC-4588-A741-BA0EF5073F98}.Debug|x86.ActiveCfg = Debug|Any CPU
		{80DBF990-E5DC-4588-A741-BA0EF5073F98}.Debug|x86.Build.0 = Debug|Any CPU
		{80DBF990-E5DC-4588-A741-BA0EF5073F98}.Release|Any CPU.ActiveCfg = Release|Any CPU
		{80DBF990-E5DC-4588-A741-BA0EF5073F98}.Release|Any CPU.Build.0 = Release|Any CPU
		{80DBF990-E5DC-4588-A741-BA0EF5073F98}.Release|x64.ActiveCfg = Release|Any CPU
		{80DBF990-E5DC-4588-A741-BA0EF5073F98}.Release|x64.Build.0 = Release|Any CPU
		{80DBF990-E5DC-4588-A741-BA0EF5073F98}.Release|x86.ActiveCfg = Release|Any CPU
		{80DBF990-E5DC-4588-A741-BA0EF5073F98}.Release|x86.Build.0 = Release|Any CPU
		{C83624D9-70D1-41D2-A1F6-BA7D5735E362}.Debug|Any CPU.ActiveCfg = Debug|Any CPU
		{C83624D9-70D1-41D2-A1F6-BA7D5735E362}.Debug|Any CPU.Build.0 = Debug|Any CPU
		{C83624D9-70D1-41D2-A1F6-BA7D5735E362}.Debug|x64.ActiveCfg = Debug|Any CPU
		{C83624D9-70D1-41D2-A1F6-BA7D5735E362}.Debug|x64.Build.0 = Debug|Any CPU
		{C83624D9-70D1-41D2-A1F6-BA7D5735E362}.Debug|x86.ActiveCfg = Debug|Any CPU
		{C83624D9-70D1-41D2-A1F6-BA7D5735E362}.Debug|x86.Build.0 = Debug|Any CPU
		{C83624D9-70D1-41D2-A1F6-BA7D5735E362}.Release|Any CPU.ActiveCfg = Release|Any CPU
		{C83624D9-70D1-41D2-A1F6-BA7D5735E362}.Release|Any CPU.Build.0 = Release|Any CPU
		{C83624D9-70D1-41D2-A1F6-BA7D5735E362}.Release|x64.ActiveCfg = Release|Any CPU
		{C83624D9-70D1-41D2-A1F6-BA7D5735E362}.Release|x64.Build.0 = Release|Any CPU
		{C83624D9-70D1-41D2-A1F6-BA7D5735E362}.Release|x86.ActiveCfg = Release|Any CPU
		{C83624D9-70D1-41D2-A1F6-BA7D5735E362}.Release|x86.Build.0 = Release|Any CPU
		{B29BC2F8-7796-47F2-9A5E-CBFB74960D23}.Debug|Any CPU.ActiveCfg = Debug|Any CPU
		{B29BC2F8-7796-47F2-9A5E-CBFB74960D23}.Debug|Any CPU.Build.0 = Debug|Any CPU
		{B29BC2F8-7796-47F2-9A5E-CBFB74960D23}.Debug|x64.ActiveCfg = Debug|Any CPU
		{B29BC2F8-7796-47F2-9A5E-CBFB74960D23}.Debug|x64.Build.0 = Debug|Any CPU
		{B29BC2F8-7796-47F2-9A5E-CBFB74960D23}.Debug|x86.ActiveCfg = Debug|Any CPU
		{B29BC2F8-7796-47F2-9A5E-CBFB74960D23}.Debug|x86.Build.0 = Debug|Any CPU
		{B29BC2F8-7796-47F2-9A5E-CBFB74960D23}.Release|Any CPU.ActiveCfg = Release|Any CPU
		{B29BC2F8-7796-47F2-9A5E-CBFB74960D23}.Release|Any CPU.Build.0 = Release|Any CPU
		{B29BC2F8-7796-47F2-9A5E-CBFB74960D23}.Release|x64.ActiveCfg = Release|Any CPU
		{B29BC2F8-7796-47F2-9A5E-CBFB74960D23}.Release|x64.Build.0 = Release|Any CPU
		{B29BC2F8-7796-47F2-9A5E-CBFB74960D23}.Release|x86.ActiveCfg = Release|Any CPU
		{B29BC2F8-7796-47F2-9A5E-CBFB74960D23}.Release|x86.Build.0 = Release|Any CPU
		{329155F2-36A0-451B-B8ED-4914DAE8D751}.Debug|Any CPU.ActiveCfg = Debug|Any CPU
		{329155F2-36A0-451B-B8ED-4914DAE8D751}.Debug|Any CPU.Build.0 = Debug|Any CPU
		{329155F2-36A0-451B-B8ED-4914DAE8D751}.Debug|x64.ActiveCfg = Debug|Any CPU
		{329155F2-36A0-451B-B8ED-4914DAE8D751}.Debug|x64.Build.0 = Debug|Any CPU
		{329155F2-36A0-451B-B8ED-4914DAE8D751}.Debug|x86.ActiveCfg = Debug|Any CPU
		{329155F2-36A0-451B-B8ED-4914DAE8D751}.Debug|x86.Build.0 = Debug|Any CPU
		{329155F2-36A0-451B-B8ED-4914DAE8D751}.Release|Any CPU.ActiveCfg = Release|Any CPU
		{329155F2-36A0-451B-B8ED-4914DAE8D751}.Release|Any CPU.Build.0 = Release|Any CPU
		{329155F2-36A0-451B-B8ED-4914DAE8D751}.Release|x64.ActiveCfg = Release|Any CPU
		{329155F2-36A0-451B-B8ED-4914DAE8D751}.Release|x64.Build.0 = Release|Any CPU
		{329155F2-36A0-451B-B8ED-4914DAE8D751}.Release|x86.ActiveCfg = Release|Any CPU
		{329155F2-36A0-451B-B8ED-4914DAE8D751}.Release|x86.Build.0 = Release|Any CPU
		{CD4F90F0-300C-40A2-9CB7-56A5B54C1E89}.Debug|Any CPU.ActiveCfg = Debug|Any CPU
		{CD4F90F0-300C-40A2-9CB7-56A5B54C1E89}.Debug|Any CPU.Build.0 = Debug|Any CPU
		{CD4F90F0-300C-40A2-9CB7-56A5B54C1E89}.Debug|x64.ActiveCfg = Debug|Any CPU
		{CD4F90F0-300C-40A2-9CB7-56A5B54C1E89}.Debug|x64.Build.0 = Debug|Any CPU
		{CD4F90F0-300C-40A2-9CB7-56A5B54C1E89}.Debug|x86.ActiveCfg = Debug|Any CPU
		{CD4F90F0-300C-40A2-9CB7-56A5B54C1E89}.Debug|x86.Build.0 = Debug|Any CPU
		{CD4F90F0-300C-40A2-9CB7-56A5B54C1E89}.Release|Any CPU.ActiveCfg = Release|Any CPU
		{CD4F90F0-300C-40A2-9CB7-56A5B54C1E89}.Release|Any CPU.Build.0 = Release|Any CPU
		{CD4F90F0-300C-40A2-9CB7-56A5B54C1E89}.Release|x64.ActiveCfg = Release|Any CPU
		{CD4F90F0-300C-40A2-9CB7-56A5B54C1E89}.Release|x64.Build.0 = Release|Any CPU
		{CD4F90F0-300C-40A2-9CB7-56A5B54C1E89}.Release|x86.ActiveCfg = Release|Any CPU
		{CD4F90F0-300C-40A2-9CB7-56A5B54C1E89}.Release|x86.Build.0 = Release|Any CPU
		{B8F7C44D-6F34-4C26-AA23-DB93429D3D59}.Debug|Any CPU.ActiveCfg = Debug|Any CPU
		{B8F7C44D-6F34-4C26-AA23-DB93429D3D59}.Debug|Any CPU.Build.0 = Debug|Any CPU
		{B8F7C44D-6F34-4C26-AA23-DB93429D3D59}.Debug|x64.ActiveCfg = Debug|Any CPU
		{B8F7C44D-6F34-4C26-AA23-DB93429D3D59}.Debug|x64.Build.0 = Debug|Any CPU
		{B8F7C44D-6F34-4C26-AA23-DB93429D3D59}.Debug|x86.ActiveCfg = Debug|Any CPU
		{B8F7C44D-6F34-4C26-AA23-DB93429D3D59}.Debug|x86.Build.0 = Debug|Any CPU
		{B8F7C44D-6F34-4C26-AA23-DB93429D3D59}.Release|Any CPU.ActiveCfg = Release|Any CPU
		{B8F7C44D-6F34-4C26-AA23-DB93429D3D59}.Release|Any CPU.Build.0 = Release|Any CPU
		{B8F7C44D-6F34-4C26-AA23-DB93429D3D59}.Release|x64.ActiveCfg = Release|Any CPU
		{B8F7C44D-6F34-4C26-AA23-DB93429D3D59}.Release|x64.Build.0 = Release|Any CPU
		{B8F7C44D-6F34-4C26-AA23-DB93429D3D59}.Release|x86.ActiveCfg = Release|Any CPU
		{B8F7C44D-6F34-4C26-AA23-DB93429D3D59}.Release|x86.Build.0 = Release|Any CPU
		{0C4948E4-177E-4212-8872-9DB3649926B9}.Debug|Any CPU.ActiveCfg = Debug|Any CPU
		{0C4948E4-177E-4212-8872-9DB3649926B9}.Debug|Any CPU.Build.0 = Debug|Any CPU
		{0C4948E4-177E-4212-8872-9DB3649926B9}.Debug|x64.ActiveCfg = Debug|Any CPU
		{0C4948E4-177E-4212-8872-9DB3649926B9}.Debug|x64.Build.0 = Debug|Any CPU
		{0C4948E4-177E-4212-8872-9DB3649926B9}.Debug|x86.ActiveCfg = Debug|Any CPU
		{0C4948E4-177E-4212-8872-9DB3649926B9}.Debug|x86.Build.0 = Debug|Any CPU
		{0C4948E4-177E-4212-8872-9DB3649926B9}.Release|Any CPU.ActiveCfg = Release|Any CPU
		{0C4948E4-177E-4212-8872-9DB3649926B9}.Release|Any CPU.Build.0 = Release|Any CPU
		{0C4948E4-177E-4212-8872-9DB3649926B9}.Release|x64.ActiveCfg = Release|Any CPU
		{0C4948E4-177E-4212-8872-9DB3649926B9}.Release|x64.Build.0 = Release|Any CPU
		{0C4948E4-177E-4212-8872-9DB3649926B9}.Release|x86.ActiveCfg = Release|Any CPU
		{0C4948E4-177E-4212-8872-9DB3649926B9}.Release|x86.Build.0 = Release|Any CPU
		{73E0352D-47DB-4148-863B-ADD9A7184681}.Debug|Any CPU.ActiveCfg = Debug|Any CPU
		{73E0352D-47DB-4148-863B-ADD9A7184681}.Debug|Any CPU.Build.0 = Debug|Any CPU
		{73E0352D-47DB-4148-863B-ADD9A7184681}.Debug|x64.ActiveCfg = Debug|Any CPU
		{73E0352D-47DB-4148-863B-ADD9A7184681}.Debug|x64.Build.0 = Debug|Any CPU
		{73E0352D-47DB-4148-863B-ADD9A7184681}.Debug|x86.ActiveCfg = Debug|Any CPU
		{73E0352D-47DB-4148-863B-ADD9A7184681}.Debug|x86.Build.0 = Debug|Any CPU
		{73E0352D-47DB-4148-863B-ADD9A7184681}.Release|Any CPU.ActiveCfg = Release|Any CPU
		{73E0352D-47DB-4148-863B-ADD9A7184681}.Release|Any CPU.Build.0 = Release|Any CPU
		{73E0352D-47DB-4148-863B-ADD9A7184681}.Release|x64.ActiveCfg = Release|Any CPU
		{73E0352D-47DB-4148-863B-ADD9A7184681}.Release|x64.Build.0 = Release|Any CPU
		{73E0352D-47DB-4148-863B-ADD9A7184681}.Release|x86.ActiveCfg = Release|Any CPU
		{73E0352D-47DB-4148-863B-ADD9A7184681}.Release|x86.Build.0 = Release|Any CPU
	EndGlobalSection
	GlobalSection(SolutionProperties) = preSolution
		HideSolutionNode = FALSE
	EndGlobalSection
	GlobalSection(NestedProjects) = preSolution
		{D8900140-BE35-4A70-9CDC-D65CD0720F87} = {16906722-6BC9-EACB-E1D4-1E8D45F87E25}
		{AFF43ECE-CCCC-4B55-B112-6F2A7D7F740B} = {16906722-6BC9-EACB-E1D4-1E8D45F87E25}
		{B29BC2F8-7796-47F2-9A5E-CBFB74960D23} = {CD63355A-85A9-7F6C-2910-F5FAB8F8967D}
		{329155F2-36A0-451B-B8ED-4914DAE8D751} = {CD63355A-85A9-7F6C-2910-F5FAB8F8967D}
		{CD4F90F0-300C-40A2-9CB7-56A5B54C1E89} = {CD63355A-85A9-7F6C-2910-F5FAB8F8967D}
		{B8F7C44D-6F34-4C26-AA23-DB93429D3D59} = {CD63355A-85A9-7F6C-2910-F5FAB8F8967D}
		{0C4948E4-177E-4212-8872-9DB3649926B9} = {CD63355A-85A9-7F6C-2910-F5FAB8F8967D}
		{73E0352D-47DB-4148-863B-ADD9A7184681} = {CD63355A-85A9-7F6C-2910-F5FAB8F8967D}
	EndGlobalSection
	GlobalSection(ExtensibilityGlobals) = postSolution
		SolutionGuid = {F335C091-E3F9-4A2E-A99F-0E238CFA22BF}
	EndGlobalSection
EndGlobal
